// !$*UTF8*$!
{
	archiveVersion = 1;
	classes = {
	};
	objectVersion = 50;
	objects = {

/* Begin PBXBuildFile section */
		D7551EAA24183A700039DDD5 /* AppDelegate.swift in Sources */ = {isa = PBXBuildFile; fileRef = D7551EA924183A700039DDD5 /* AppDelegate.swift */; };
		D7551EAC24183A700039DDD5 /* SceneDelegate.swift in Sources */ = {isa = PBXBuildFile; fileRef = D7551EAB24183A700039DDD5 /* SceneDelegate.swift */; };
		D7551EAE24183A700039DDD5 /* ContentView.swift in Sources */ = {isa = PBXBuildFile; fileRef = D7551EAD24183A700039DDD5 /* ContentView.swift */; };
		D7551EB024183A710039DDD5 /* Assets.xcassets in Resources */ = {isa = PBXBuildFile; fileRef = D7551EAF24183A710039DDD5 /* Assets.xcassets */; };
		D7551EB324183A710039DDD5 /* Preview Assets.xcassets in Resources */ = {isa = PBXBuildFile; fileRef = D7551EB224183A710039DDD5 /* Preview Assets.xcassets */; };
		D7551EB624183A710039DDD5 /* LaunchScreen.storyboard in Resources */ = {isa = PBXBuildFile; fileRef = D7551EB424183A710039DDD5 /* LaunchScreen.storyboard */; };
		D7551EBE24183AB50039DDD5 /* TrayContainerView.swift in Sources */ = {isa = PBXBuildFile; fileRef = D7551EBD24183AB50039DDD5 /* TrayContainerView.swift */; };
		D7551EC0241841180039DDD5 /* TrayView.swift in Sources */ = {isa = PBXBuildFile; fileRef = D7551EBF241841180039DDD5 /* TrayView.swift */; };
/* End PBXBuildFile section */

/* Begin PBXFileReference section */
		D7551EA624183A700039DDD5 /* SwiftUI_Tray.app */ = {isa = PBXFileReference; explicitFileType = wrapper.application; includeInIndex = 0; path = SwiftUI_Tray.app; sourceTree = BUILT_PRODUCTS_DIR; };
		D7551EA924183A700039DDD5 /* AppDelegate.swift */ = {isa = PBXFileReference; lastKnownFileType = sourcecode.swift; path = AppDelegate.swift; sourceTree = "<group>"; };
		D7551EAB24183A700039DDD5 /* SceneDelegate.swift */ = {isa = PBXFileReference; lastKnownFileType = sourcecode.swift; path = SceneDelegate.swift; sourceTree = "<group>"; };
		D7551EAD24183A700039DDD5 /* ContentView.swift */ = {isa = PBXFileReference; lastKnownFileType = sourcecode.swift; path = ContentView.swift; sourceTree = "<group>"; };
		D7551EAF24183A710039DDD5 /* Assets.xcassets */ = {isa = PBXFileReference; lastKnownFileType = folder.assetcatalog; path = Assets.xcassets; sourceTree = "<group>"; };
		D7551EB224183A710039DDD5 /* Preview Assets.xcassets */ = {isa = PBXFileReference; lastKnownFileType = folder.assetcatalog; path = "Preview Assets.xcassets"; sourceTree = "<group>"; };
		D7551EB524183A710039DDD5 /* Base */ = {isa = PBXFileReference; lastKnownFileType = file.storyboard; name = Base; path = Base.lproj/LaunchScreen.storyboard; sourceTree = "<group>"; };
		D7551EB724183A710039DDD5 /* Info.plist */ = {isa = PBXFileReference; lastKnownFileType = text.plist.xml; path = Info.plist; sourceTree = "<group>"; };
		D7551EBD24183AB50039DDD5 /* TrayContainerView.swift */ = {isa = PBXFileReference; lastKnownFileType = sourcecode.swift; path = TrayContainerView.swift; sourceTree = "<group>"; };
		D7551EBF241841180039DDD5 /* TrayView.swift */ = {isa = PBXFileReference; lastKnownFileType = sourcecode.swift; path = TrayView.swift; sourceTree = "<group>"; };
/* End PBXFileReference section */

/* Begin PBXFrameworksBuildPhase section */
		D7551EA324183A700039DDD5 /* Frameworks */ = {
			isa = PBXFrameworksBuildPhase;
			buildActionMask = 2147483647;
			files = (
			);
			runOnlyForDeploymentPostprocessing = 0;
		};
/* End PBXFrameworksBuildPhase section */

/* Begin PBXGroup section */
		D7551E9D24183A700039DDD5 = {
			isa = PBXGroup;
			children = (
				D7551EA824183A700039DDD5 /* SwiftUI_Tray */,
				D7551EA724183A700039DDD5 /* Products */,
			);
			sourceTree = "<group>";
		};
		D7551EA724183A700039DDD5 /* Products */ = {
			isa = PBXGroup;
			children = (
				D7551EA624183A700039DDD5 /* SwiftUI_Tray.app */,
			);
			name = Products;
			sourceTree = "<group>";
		};
		D7551EA824183A700039DDD5 /* SwiftUI_Tray */ = {
			isa = PBXGroup;
			children = (
				D7551EA924183A700039DDD5 /* AppDelegate.swift */,
				D7551EAB24183A700039DDD5 /* SceneDelegate.swift */,
				D7551EAD24183A700039DDD5 /* ContentView.swift */,
				D7551EBD24183AB50039DDD5 /* TrayContainerView.swift */,
				D7551EBF241841180039DDD5 /* TrayView.swift */,
				D7551EAF24183A710039DDD5 /* Assets.xcassets */,
				D7551EB424183A710039DDD5 /* LaunchScreen.storyboard */,
				D7551EB724183A710039DDD5 /* Info.plist */,
				D7551EB124183A710039DDD5 /* Preview Content */,
			);
			path = SwiftUI_Tray;
			sourceTree = "<group>";
		};
		D7551EB124183A710039DDD5 /* Preview Content */ = {
			isa = PBXGroup;
			children = (
				D7551EB224183A710039DDD5 /* Preview Assets.xcassets */,
			);
			path = "Preview Content";
			sourceTree = "<group>";
		};
/* End PBXGroup section */

/* Begin PBXNativeTarget section */
		D7551EA524183A700039DDD5 /* SwiftUI_Tray */ = {
			isa = PBXNativeTarget;
			buildConfigurationList = D7551EBA24183A710039DDD5 /* Build configuration list for PBXNativeTarget "SwiftUI_Tray" */;
			buildPhases = (
				D7551EA224183A700039DDD5 /* Sources */,
				D7551EA324183A700039DDD5 /* Frameworks */,
				D7551EA424183A700039DDD5 /* Resources */,
			);
			buildRules = (
			);
			dependencies = (
			);
			name = SwiftUI_Tray;
			productName = SwiftUI_Tray;
			productReference = D7551EA624183A700039DDD5 /* SwiftUI_Tray.app */;
			productType = "com.apple.product-type.application";
		};
/* End PBXNativeTarget section */

/* Begin PBXProject section */
		D7551E9E24183A700039DDD5 /* Project object */ = {
			isa = PBXProject;
			attributes = {
				LastSwiftUpdateCheck = 1130;
				LastUpgradeCheck = 1130;
				ORGANIZATIONNAME = "Uncanny Apps";
				TargetAttributes = {
					D7551EA524183A700039DDD5 = {
						CreatedOnToolsVersion = 11.3;
					};
				};
			};
			buildConfigurationList = D7551EA124183A700039DDD5 /* Build configuration list for PBXProject "SwiftUI_Tray" */;
			compatibilityVersion = "Xcode 9.3";
			developmentRegion = en;
			hasScannedForEncodings = 0;
			knownRegions = (
				en,
				Base,
			);
			mainGroup = D7551E9D24183A700039DDD5;
			productRefGroup = D7551EA724183A700039DDD5 /* Products */;
			projectDirPath = "";
			projectRoot = "";
			targets = (
				D7551EA524183A700039DDD5 /* SwiftUI_Tray */,
			);
		};
/* End PBXProject section */

/* Begin PBXResourcesBuildPhase section */
		D7551EA424183A700039DDD5 /* Resources */ = {
			isa = PBXResourcesBuildPhase;
			buildActionMask = 2147483647;
			files = (
				D7551EB624183A710039DDD5 /* LaunchScreen.storyboard in Resources */,
				D7551EB324183A710039DDD5 /* Preview Assets.xcassets in Resources */,
				D7551EB024183A710039DDD5 /* Assets.xcassets in Resources */,
			);
			runOnlyForDeploymentPostprocessing = 0;
		};
/* End PBXResourcesBuildPhase section */

/* Begin PBXSourcesBuildPhase section */
		D7551EA224183A700039DDD5 /* Sources */ = {
			isa = PBXSourcesBuildPhase;
			buildActionMask = 2147483647;
			files = (
				D7551EBE24183AB50039DDD5 /* TrayContainerView.swift in Sources */,
				D7551EAA24183A700039DDD5 /* AppDelegate.swift in Sources */,
				D7551EAC24183A700039DDD5 /* SceneDelegate.swift in Sources */,
				D7551EAE24183A700039DDD5 /* ContentView.swift in Sources */,
				D7551EC0241841180039DDD5 /* TrayView.swift in Sources */,
			);
			runOnlyForDeploymentPostprocessing = 0;
		};
/* End PBXSourcesBuildPhase section */

/* Begin PBXVariantGroup section */
		D7551EB424183A710039DDD5 /* LaunchScreen.storyboard */ = {
			isa = PBXVariantGroup;
			children = (
				D7551EB524183A710039DDD5 /* Base */,
			);
			name = LaunchScreen.storyboard;
			sourceTree = "<group>";
		};
/* End PBXVariantGroup section */

/* Begin XCBuildConfiguration section */
		D7551EB824183A710039DDD5 /* Debug */ = {
			isa = XCBuildConfiguration;
			buildSettings = {
				ALWAYS_SEARCH_USER_PATHS = NO;
				CLANG_ANALYZER_NONNULL = YES;
				CLANG_ANALYZER_NUMBER_OBJECT_CONVERSION = YES_AGGRESSIVE;
				CLANG_CXX_LANGUAGE_STANDARD = "gnu++14";
				CLANG_CXX_LIBRARY = "libc++";
				CLANG_ENABLE_MODULES = YES;
				CLANG_ENABLE_OBJC_ARC = YES;
				CLANG_ENABLE_OBJC_WEAK = YES;
				CLANG_WARN_BLOCK_CAPTURE_AUTORELEASING = YES;
				CLANG_WARN_BOOL_CONVERSION = YES;
				CLANG_WARN_COMMA = YES;
				CLANG_WARN_CONSTANT_CONVERSION = YES;
				CLANG_WARN_DEPRECATED_OBJC_IMPLEMENTATIONS = YES;
				CLANG_WARN_DIRECT_OBJC_ISA_USAGE = YES_ERROR;
				CLANG_WARN_DOCUMENTATION_COMMENTS = YES;
				CLANG_WARN_EMPTY_BODY = YES;
				CLANG_WARN_ENUM_CONVERSION = YES;
				CLANG_WARN_INFINITE_RECURSION = YES;
				CLANG_WARN_INT_CONVERSION = YES;
				CLANG_WARN_NON_LITERAL_NULL_CONVERSION = YES;
				CLANG_WARN_OBJC_IMPLICIT_RETAIN_SELF = YES;
				CLANG_WARN_OBJC_LITERAL_CONVERSION = YES;
				CLANG_WARN_OBJC_ROOT_CLASS = YES_ERROR;
				CLANG_WARN_RANGE_LOOP_ANALYSIS = YES;
				CLANG_WARN_STRICT_PROTOTYPES = YES;
				CLANG_WARN_SUSPICIOUS_MOVE = YES;
				CLANG_WARN_UNGUARDED_AVAILABILITY = YES_AGGRESSIVE;
				CLANG_WARN_UNREACHABLE_CODE = YES;
				CLANG_WARN__DUPLICATE_METHOD_MATCH = YES;
				COPY_PHASE_STRIP = NO;
				DEBUG_INFORMATION_FORMAT = dwarf;
				ENABLE_STRICT_OBJC_MSGSEND = YES;
				ENABLE_TESTABILITY = YES;
				GCC_C_LANGUAGE_STANDARD = gnu11;
				GCC_DYNAMIC_NO_PIC = NO;
				GCC_NO_COMMON_BLOCKS = YES;
				GCC_OPTIMIZATION_LEVEL = 0;
				GCC_PREPROCESSOR_DEFINITIONS = (
					"DEBUG=1",
					"$(inherited)",
				);
				GCC_WARN_64_TO_32_BIT_CONVERSION = YES;
				GCC_WARN_ABOUT_RETURN_TYPE = YES_ERROR;
				GCC_WARN_UNDECLARED_SELECTOR = YES;
				GCC_WARN_UNINITIALIZED_AUTOS = YES_AGGRESSIVE;
				GCC_WARN_UNUSED_FUNCTION = YES;
				GCC_WARN_UNUSED_VARIABLE = YES;
				IPHONEOS_DEPLOYMENT_TARGET = 13.2;
				MTL_ENABLE_DEBUG_INFO = INCLUDE_SOURCE;
				MTL_FAST_MATH = YES;
				ONLY_ACTIVE_ARCH = YES;
				SDKROOT = iphoneos;
				SWIFT_ACTIVE_COMPILATION_CONDITIONS = DEBUG;
				SWIFT_OPTIMIZATION_LEVEL = "-Onone";
			};
			name = Debug;
		};
		D7551EB924183A710039DDD5 /* Release */ = {
			isa = XCBuildConfiguration;
			buildSettings = {
				ALWAYS_SEARCH_USER_PATHS = NO;
				CLANG_ANALYZER_NONNULL = YES;
				CLANG_ANALYZER_NUMBER_OBJECT_CONVERSION = YES_AGGRESSIVE;
				CLANG_CXX_LANGUAGE_STANDARD = "gnu++14";
				CLANG_CXX_LIBRARY = "libc++";
				CLANG_ENABLE_MODULES = YES;
				CLANG_ENABLE_OBJC_ARC = YES;
				CLANG_ENABLE_OBJC_WEAK = YES;
				CLANG_WARN_BLOCK_CAPTURE_AUTORELEASING = YES;
				CLANG_WARN_BOOL_CONVERSION = YES;
				CLANG_WARN_COMMA = YES;
				CLANG_WARN_CONSTANT_CONVERSION = YES;
				CLANG_WARN_DEPRECATED_OBJC_IMPLEMENTATIONS = YES;
				CLANG_WARN_DIRECT_OBJC_ISA_USAGE = YES_ERROR;
				CLANG_WARN_DOCUMENTATION_COMMENTS = YES;
				CLANG_WARN_EMPTY_BODY = YES;
				CLANG_WARN_ENUM_CONVERSION = YES;
				CLANG_WARN_INFINITE_RECURSION = YES;
				CLANG_WARN_INT_CONVERSION = YES;
				CLANG_WARN_NON_LITERAL_NULL_CONVERSION = YES;
				CLANG_WARN_OBJC_IMPLICIT_RETAIN_SELF = YES;
				CLANG_WARN_OBJC_LITERAL_CONVERSION = YES;
				CLANG_WARN_OBJC_ROOT_CLASS = YES_ERROR;
				CLANG_WARN_RANGE_LOOP_ANALYSIS = YES;
				CLANG_WARN_STRICT_PROTOTYPES = YES;
				CLANG_WARN_SUSPICIOUS_MOVE = YES;
				CLANG_WARN_UNGUARDED_AVAILABILITY = YES_AGGRESSIVE;
				CLANG_WARN_UNREACHABLE_CODE = YES;
				CLANG_WARN__DUPLICATE_METHOD_MATCH = YES;
				COPY_PHASE_STRIP = NO;
				DEBUG_INFORMATION_FORMAT = "dwarf-with-dsym";
				ENABLE_NS_ASSERTIONS = NO;
				ENABLE_STRICT_OBJC_MSGSEND = YES;
				GCC_C_LANGUAGE_STANDARD = gnu11;
				GCC_NO_COMMON_BLOCKS = YES;
				GCC_WARN_64_TO_32_BIT_CONVERSION = YES;
				GCC_WARN_ABOUT_RETURN_TYPE = YES_ERROR;
				GCC_WARN_UNDECLARED_SELECTOR = YES;
				GCC_WARN_UNINITIALIZED_AUTOS = YES_AGGRESSIVE;
				GCC_WARN_UNUSED_FUNCTION = YES;
				GCC_WARN_UNUSED_VARIABLE = YES;
				IPHONEOS_DEPLOYMENT_TARGET = 13.2;
				MTL_ENABLE_DEBUG_INFO = NO;
				MTL_FAST_MATH = YES;
				SDKROOT = iphoneos;
				SWIFT_COMPILATION_MODE = wholemodule;
				SWIFT_OPTIMIZATION_LEVEL = "-O";
				VALIDATE_PRODUCT = YES;
			};
			name = Release;
		};
		D7551EBB24183A710039DDD5 /* Debug */ = {
			isa = XCBuildConfiguration;
			buildSettings = {
				ASSETCATALOG_COMPILER_APPICON_NAME = AppIcon;
				CODE_SIGN_STYLE = Automatic;
				DEVELOPMENT_ASSET_PATHS = "\"SwiftUI_Tray/Preview Content\"";
				DEVELOPMENT_TEAM = 9CCZ9M2894;
				ENABLE_PREVIEWS = YES;
				INFOPLIST_FILE = SwiftUI_Tray/Info.plist;
				LD_RUNPATH_SEARCH_PATHS = (
					"$(inherited)",
					"@executable_path/Frameworks",
				);
				PRODUCT_BUNDLE_IDENTIFIER = "com.uncannyapps.SwiftUI-Tray";
				PRODUCT_NAME = "$(TARGET_NAME)";
				SWIFT_VERSION = 5.0;
				TARGETED_DEVICE_FAMILY = "1,2";
			};
			name = Debug;
		};
		D7551EBC24183A710039DDD5 /* Release */ = {
			isa = XCBuildConfiguration;
			buildSettings = {
				ASSETCATALOG_COMPILER_APPICON_NAME = AppIcon;
				CODE_SIGN_STYLE = Automatic;
				DEVELOPMENT_ASSET_PATHS = "\"SwiftUI_Tray/Preview Content\"";
				DEVELOPMENT_TEAM = 9CCZ9M2894;
				ENABLE_PREVIEWS = YES;
				INFOPLIST_FILE = SwiftUI_Tray/Info.plist;
				LD_RUNPATH_SEARCH_PATHS = (
					"$(inherited)",
					"@executable_path/Frameworks",
				);
				PRODUCT_BUNDLE_IDENTIFIER = "com.uncannyapps.SwiftUI-Tray";
				PRODUCT_NAME = "$(TARGET_NAME)";
				SWIFT_VERSION = 5.0;
				TARGETED_DEVICE_FAMILY = "1,2";
			};
			name = Release;
		};
/* End XCBuildConfiguration section */

/* Begin XCConfigurationList section */
		D7551EA124183A700039DDD5 /* Build configuration list for PBXProject "SwiftUI_Tray" */ = {
			isa = XCConfigurationList;
			buildConfigurations = (
				D7551EB824183A710039DDD5 /* Debug */,
				D7551EB924183A710039DDD5 /* Release */,
			);
			defaultConfigurationIsVisible = 0;
			defaultConfigurationName = Release;
		};
		D7551EBA24183A710039DDD5 /* Build configuration list for PBXNativeTarget "SwiftUI_Tray" */ = {
			isa = XCConfigurationList;
			buildConfigurations = (
				D7551EBB24183A710039DDD5 /* Debug */,
				D7551EBC24183A710039DDD5 /* Release */,
			);
			defaultConfigurationIsVisible = 0;
			defaultConfigurationName = Release;
		};
/* End XCConfigurationList section */
	};
	rootObject = D7551E9E24183A700039DDD5 /* Project object */;
}
